{
    "version": 3,
    "terraform_version": "0.11.13",
    "serial": 7,
    "lineage": "432c5f8c-db10-9651-ae00-acc536601e10",
    "modules": [
        {
            "path": [
                "root"
            ],
            "outputs": {
                "ip": {
                    "sensitive": false,
                    "type": "string",
                    "value": ""
                },
                "os_sku": {
                    "sensitive": false,
                    "type": "string",
                    "value": "18.04-LTS"
                }
            },
            "resources": {
                "azurerm_network_interface.nic": {
                    "type": "azurerm_network_interface",
                    "depends_on": [
                        "azurerm_network_security_group.nsg",
                        "azurerm_public_ip.publicip",
                        "azurerm_resource_group.rg",
                        "azurerm_subnet.subnet"
                    ],
                    "primary": {
                        "id": "/subscriptions/0f67879f-3204-4b31-94c7-28a69136a4a2/resourceGroups/calculatorTFRG/providers/Microsoft.Network/networkInterfaces/calculatorNIC",
                        "attributes": {
                            "applied_dns_servers.#": "0",
                            "dns_servers.#": "0",
                            "enable_accelerated_networking": "false",
                            "enable_ip_forwarding": "false",
                            "id": "/subscriptions/0f67879f-3204-4b31-94c7-28a69136a4a2/resourceGroups/calculatorTFRG/providers/Microsoft.Network/networkInterfaces/calculatorNIC",
                            "internal_dns_name_label": "",
                            "internal_fqdn": "",
                            "ip_configuration.#": "1",
                            "ip_configuration.0.application_gateway_backend_address_pools_ids.#": "0",
                            "ip_configuration.0.application_security_group_ids.#": "0",
                            "ip_configuration.0.load_balancer_backend_address_pools_ids.#": "0",
                            "ip_configuration.0.load_balancer_inbound_nat_rules_ids.#": "0",
                            "ip_configuration.0.name": "calculatorNICConfg",
                            "ip_configuration.0.primary": "true",
                            "ip_configuration.0.private_ip_address": "",
                            "ip_configuration.0.private_ip_address_allocation": "dynamic",
                            "ip_configuration.0.public_ip_address_id": "/subscriptions/0f67879f-3204-4b31-94c7-28a69136a4a2/resourceGroups/calculatorTFRG/providers/Microsoft.Network/publicIPAddresses/calculatorTFPublicIP",
                            "ip_configuration.0.subnet_id": "/subscriptions/0f67879f-3204-4b31-94c7-28a69136a4a2/resourceGroups/calculatorTFRG/providers/Microsoft.Network/virtualNetworks/calculatorTFVnet/subnets/calculatorTFSubnet",
                            "location": "centralus",
                            "mac_address": "",
                            "name": "calculatorNIC",
                            "network_security_group_id": "/subscriptions/0f67879f-3204-4b31-94c7-28a69136a4a2/resourceGroups/calculatorTFRG/providers/Microsoft.Network/networkSecurityGroups/calculatorTFNSG",
                            "private_ip_address": "10.0.1.4",
                            "private_ip_addresses.#": "1",
                            "private_ip_addresses.0": "10.0.1.4",
                            "resource_group_name": "calculatorTFRG",
                            "tags.%": "2",
                            "tags.Dept": "Engineering",
                            "tags.Environment": "Calculator. Rails Example"
                        },
                        "meta": {},
                        "tainted": false
                    },
                    "deposed": [],
                    "provider": "provider.azurerm"
                },
                "azurerm_network_security_group.nsg": {
                    "type": "azurerm_network_security_group",
                    "depends_on": [
                        "azurerm_resource_group.rg"
                    ],
                    "primary": {
                        "id": "/subscriptions/0f67879f-3204-4b31-94c7-28a69136a4a2/resourceGroups/calculatorTFRG/providers/Microsoft.Network/networkSecurityGroups/calculatorTFNSG",
                        "attributes": {
                            "id": "/subscriptions/0f67879f-3204-4b31-94c7-28a69136a4a2/resourceGroups/calculatorTFRG/providers/Microsoft.Network/networkSecurityGroups/calculatorTFNSG",
                            "location": "centralus",
                            "name": "calculatorTFNSG",
                            "resource_group_name": "calculatorTFRG",
                            "security_rule.#": "3",
                            "security_rule.2090309246.access": "Allow",
                            "security_rule.2090309246.description": "",
                            "security_rule.2090309246.destination_address_prefix": "*",
                            "security_rule.2090309246.destination_address_prefixes.#": "0",
                            "security_rule.2090309246.destination_application_security_group_ids.#": "0",
                            "security_rule.2090309246.destination_port_range": "22",
                            "security_rule.2090309246.destination_port_ranges.#": "0",
                            "security_rule.2090309246.direction": "Inbound",
                            "security_rule.2090309246.name": "SSH",
                            "security_rule.2090309246.priority": "1001",
                            "security_rule.2090309246.protocol": "Tcp",
                            "security_rule.2090309246.source_address_prefix": "*",
                            "security_rule.2090309246.source_address_prefixes.#": "0",
                            "security_rule.2090309246.source_application_security_group_ids.#": "0",
                            "security_rule.2090309246.source_port_range": "*",
                            "security_rule.2090309246.source_port_ranges.#": "0",
                            "security_rule.2455716876.access": "Allow",
                            "security_rule.2455716876.description": "",
                            "security_rule.2455716876.destination_address_prefix": "*",
                            "security_rule.2455716876.destination_address_prefixes.#": "0",
                            "security_rule.2455716876.destination_application_security_group_ids.#": "0",
                            "security_rule.2455716876.destination_port_range": "80",
                            "security_rule.2455716876.destination_port_ranges.#": "0",
                            "security_rule.2455716876.direction": "Inbound",
                            "security_rule.2455716876.name": "HTTP",
                            "security_rule.2455716876.priority": "1002",
                            "security_rule.2455716876.protocol": "Tcp",
                            "security_rule.2455716876.source_address_prefix": "*",
                            "security_rule.2455716876.source_address_prefixes.#": "0",
                            "security_rule.2455716876.source_application_security_group_ids.#": "0",
                            "security_rule.2455716876.source_port_range": "*",
                            "security_rule.2455716876.source_port_ranges.#": "0",
                            "security_rule.438019468.access": "Allow",
                            "security_rule.438019468.description": "",
                            "security_rule.438019468.destination_address_prefix": "*",
                            "security_rule.438019468.destination_address_prefixes.#": "0",
                            "security_rule.438019468.destination_application_security_group_ids.#": "0",
                            "security_rule.438019468.destination_port_range": "443",
                            "security_rule.438019468.destination_port_ranges.#": "0",
                            "security_rule.438019468.direction": "Inbound",
                            "security_rule.438019468.name": "HTTPS",
                            "security_rule.438019468.priority": "1003",
                            "security_rule.438019468.protocol": "Tcp",
                            "security_rule.438019468.source_address_prefix": "*",
                            "security_rule.438019468.source_address_prefixes.#": "0",
                            "security_rule.438019468.source_application_security_group_ids.#": "0",
                            "security_rule.438019468.source_port_range": "*",
                            "security_rule.438019468.source_port_ranges.#": "0",
                            "tags.%": "2",
                            "tags.Dept": "Engineering",
                            "tags.Environment": "Calculator. Rails Example"
                        },
                        "meta": {},
                        "tainted": false
                    },
                    "deposed": [],
                    "provider": "provider.azurerm"
                },
                "azurerm_public_ip.publicip": {
                    "type": "azurerm_public_ip",
                    "depends_on": [
                        "azurerm_resource_group.rg"
                    ],
                    "primary": {
                        "id": "/subscriptions/0f67879f-3204-4b31-94c7-28a69136a4a2/resourceGroups/calculatorTFRG/providers/Microsoft.Network/publicIPAddresses/calculatorTFPublicIP",
                        "attributes": {
                            "id": "/subscriptions/0f67879f-3204-4b31-94c7-28a69136a4a2/resourceGroups/calculatorTFRG/providers/Microsoft.Network/publicIPAddresses/calculatorTFPublicIP",
                            "idle_timeout_in_minutes": "4",
                            "ip_address": "",
                            "ip_version": "IPv4",
                            "location": "centralus",
                            "name": "calculatorTFPublicIP",
                            "public_ip_address_allocation": "Dynamic",
                            "resource_group_name": "calculatorTFRG",
                            "sku": "Basic",
                            "tags.%": "2",
                            "tags.Dept": "Engineering",
                            "tags.Environment": "Calculator. Rails Example",
                            "zones.#": "0"
                        },
                        "meta": {},
                        "tainted": false
                    },
                    "deposed": [],
                    "provider": "provider.azurerm"
                },
                "azurerm_resource_group.rg": {
                    "type": "azurerm_resource_group",
                    "depends_on": [],
                    "primary": {
                        "id": "/subscriptions/0f67879f-3204-4b31-94c7-28a69136a4a2/resourceGroups/calculatorTFRG",
                        "attributes": {
                            "id": "/subscriptions/0f67879f-3204-4b31-94c7-28a69136a4a2/resourceGroups/calculatorTFRG",
                            "location": "centralus",
                            "name": "calculatorTFRG",
                            "tags.%": "2",
                            "tags.Dept": "Engineering",
                            "tags.Environment": "Calculator. Rails Example"
                        },
                        "meta": {},
                        "tainted": false
                    },
                    "deposed": [],
                    "provider": "provider.azurerm"
                },
                "azurerm_subnet.subnet": {
                    "type": "azurerm_subnet",
                    "depends_on": [
                        "azurerm_resource_group.rg",
                        "azurerm_virtual_network.vnet"
                    ],
                    "primary": {
                        "id": "/subscriptions/0f67879f-3204-4b31-94c7-28a69136a4a2/resourceGroups/calculatorTFRG/providers/Microsoft.Network/virtualNetworks/calculatorTFVnet/subnets/calculatorTFSubnet",
                        "attributes": {
                            "address_prefix": "10.0.1.0/24",
                            "id": "/subscriptions/0f67879f-3204-4b31-94c7-28a69136a4a2/resourceGroups/calculatorTFRG/providers/Microsoft.Network/virtualNetworks/calculatorTFVnet/subnets/calculatorTFSubnet",
                            "ip_configurations.#": "0",
                            "name": "calculatorTFSubnet",
                            "resource_group_name": "calculatorTFRG",
                            "route_table_id": "",
                            "service_endpoints.#": "0",
                            "virtual_network_name": "calculatorTFVnet"
                        },
                        "meta": {},
                        "tainted": false
                    },
                    "deposed": [],
                    "provider": "provider.azurerm"
                },
                "azurerm_virtual_machine.vm": {
                    "type": "azurerm_virtual_machine",
                    "depends_on": [
                        "azurerm_network_interface.nic",
                        "azurerm_resource_group.rg"
                    ],
                    "primary": {
                        "id": "/subscriptions/0f67879f-3204-4b31-94c7-28a69136a4a2/resourceGroups/calculatorTFRG/providers/Microsoft.Compute/virtualMachines/calculatorTFVM",
                        "attributes": {
                            "delete_data_disks_on_termination": "false",
                            "delete_os_disk_on_termination": "false",
                            "id": "/subscriptions/0f67879f-3204-4b31-94c7-28a69136a4a2/resourceGroups/calculatorTFRG/providers/Microsoft.Compute/virtualMachines/calculatorTFVM",
                            "identity.#": "0",
                            "location": "centralus",
                            "name": "calculatorTFVM",
                            "network_interface_ids.#": "1",
                            "network_interface_ids.0": "/subscriptions/0f67879f-3204-4b31-94c7-28a69136a4a2/resourceGroups/calculatorTFRG/providers/Microsoft.Network/networkInterfaces/calculatorNIC",
                            "os_profile.#": "1",
                            "os_profile.236676295.admin_password": "",
                            "os_profile.236676295.admin_username": "vanhalt",
                            "os_profile.236676295.computer_name": "calculatorTFVM",
                            "os_profile.236676295.custom_data": "",
                            "os_profile_linux_config.#": "1",
                            "os_profile_linux_config.2972667452.disable_password_authentication": "false",
                            "os_profile_linux_config.2972667452.ssh_keys.#": "0",
                            "os_profile_secrets.#": "0",
                            "os_profile_windows_config.#": "0",
                            "plan.#": "0",
                            "resource_group_name": "calculatorTFRG",
                            "storage_data_disk.#": "0",
                            "storage_image_reference.#": "1",
                            "storage_image_reference.1211973898.id": "",
                            "storage_image_reference.1211973898.offer": "UbuntuServer",
                            "storage_image_reference.1211973898.publisher": "Canonical",
                            "storage_image_reference.1211973898.sku": "18.04-LTS",
                            "storage_image_reference.1211973898.version": "latest",
                            "storage_os_disk.#": "1",
                            "storage_os_disk.0.caching": "ReadWrite",
                            "storage_os_disk.0.create_option": "FromImage",
                            "storage_os_disk.0.disk_size_gb": "30",
                            "storage_os_disk.0.image_uri": "",
                            "storage_os_disk.0.managed_disk_id": "/subscriptions/0f67879f-3204-4b31-94c7-28a69136a4a2/resourceGroups/calculatorTFRG/providers/Microsoft.Compute/disks/calculatorOsDisk",
                            "storage_os_disk.0.managed_disk_type": "Premium_LRS",
                            "storage_os_disk.0.name": "calculatorOsDisk",
                            "storage_os_disk.0.os_type": "Linux",
                            "storage_os_disk.0.vhd_uri": "",
                            "storage_os_disk.0.write_accelerator_enabled": "false",
                            "tags.%": "2",
                            "tags.Dept": "Engineering",
                            "tags.Environment": "Calculator. Rails Example",
                            "vm_size": "Standard_DS1_v2",
                            "zones.#": "0"
                        },
                        "meta": {},
                        "tainted": false
                    },
                    "deposed": [],
                    "provider": "provider.azurerm"
                },
                "azurerm_virtual_network.vnet": {
                    "type": "azurerm_virtual_network",
                    "depends_on": [
                        "azurerm_resource_group.rg"
                    ],
                    "primary": {
                        "id": "/subscriptions/0f67879f-3204-4b31-94c7-28a69136a4a2/resourceGroups/calculatorTFRG/providers/Microsoft.Network/virtualNetworks/calculatorTFVnet",
                        "attributes": {
                            "address_space.#": "1",
                            "address_space.0": "10.0.0.0/16",
                            "dns_servers.#": "0",
                            "id": "/subscriptions/0f67879f-3204-4b31-94c7-28a69136a4a2/resourceGroups/calculatorTFRG/providers/Microsoft.Network/virtualNetworks/calculatorTFVnet",
                            "location": "centralus",
                            "name": "calculatorTFVnet",
                            "resource_group_name": "calculatorTFRG",
                            "subnet.#": "0",
                            "tags.%": "2",
                            "tags.Dept": "Engineering",
                            "tags.Environment": "Calculator. Rails Example"
                        },
                        "meta": {},
                        "tainted": false
                    },
                    "deposed": [],
                    "provider": "provider.azurerm"
                }
            },
            "depends_on": []
        }
    ]
}
